
Microsoft Visual Studio Solution File, Format Version 12.00
# Visual Studio Version 16
VisualStudioVersion = 16.0.31605.320
MinimumVisualStudioVersion = 10.0.40219.1
Project("{FAE04EC0-301F-11D3-BF4B-00C04F79EFBC}") = "LinqConsultasLambda", "LinqConsultasLambda\LinqConsultasLambda.csproj", "{A6DA153F-386E-4DFD-9708-5E3134C13BF9}"
EndProject
Global
	GlobalSection(SolutionConfigurationPlatforms) = preSolution
		Debug|Any CPU = Debug|Any CPU
		Release|Any CPU = Release|Any CPU
	EndGlobalSection
	GlobalSection(ProjectConfigurationPlatforms) = postSolution
		{A6DA153F-386E-4DFD-9708-5E3134C13BF9}.Debug|Any CPU.ActiveCfg = Debug|Any CPU
		{A6DA153F-386E-4DFD-9708-5E3134C13BF9}.Debug|Any CPU.Build.0 = Debug|Any CPU
		{A6DA153F-386E-4DFD-9708-5E3134C13BF9}.Release|Any CPU.ActiveCfg = Release|Any CPU
		{A6DA153F-386E-4DFD-9708-5E3134C13BF9}.Release|Any CPU.Build.0 = Release|Any CPU
	EndGlobalSection
	GlobalSection(SolutionProperties) = preSolution
		HideSolutionNode = FALSE
	EndGlobalSection
	GlobalSection(ExtensibilityGlobals) = postSolution
		SolutionGuid = {50D43372-D4EE-490E-85ED-A3B2C1476904}
	EndGlobalSection
EndGlobal
